
Microsoft Visual Studio Solution File, Format Version 12.00
# Visual Studio Version 17
VisualStudioVersion = 17.11.35327.3
MinimumVisualStudioVersion = 10.0.40219.1
Project("{D2ABAB84-BF74-430A-B69E-9DC6D40DDA17}") = "SSAS", "SSAS\SSAS.dwproj", "{F36920FA-B644-46B3-8DAE-14CCB448B96F}"
EndProject
Global
	GlobalSection(SolutionConfigurationPlatforms) = preSolution
		Development|Default = Development|Default
	EndGlobalSection
	GlobalSection(ProjectConfigurationPlatforms) = postSolution
		{F36920FA-B644-46B3-8DAE-14CCB448B96F}.Development|Default.ActiveCfg = Development
		{F36920FA-B644-46B3-8DAE-14CCB448B96F}.Development|Default.Build.0 = Development
		{F36920FA-B644-46B3-8DAE-14CCB448B96F}.Development|Default.Deploy.0 = Development
	EndGlobalSection
	GlobalSection(SolutionProperties) = preSolution
		HideSolutionNode = FALSE
	EndGlobalSection
	GlobalSection(ExtensibilityGlobals) = postSolution
		SolutionGuid = {FD97CF24-BE1C-4329-86AC-C541AA0A615D}
	EndGlobalSection
EndGlobal
