
Microsoft Visual Studio Solution File, Format Version 12.00
# Visual Studio Version 17
VisualStudioVersion = 17.10.35027.167
MinimumVisualStudioVersion = 10.0.40219.1
Project("{C9674DCB-5085-4A16-B785-4C70DD1589BD}") = "SSIS", "SSIS\SSIS.dtproj", "{884DD15F-38FA-4C3F-96F2-BD0F658AF890}"
EndProject
Global
	GlobalSection(SolutionConfigurationPlatforms) = preSolution
		Development|Default = Development|Default
	EndGlobalSection
	GlobalSection(ProjectConfigurationPlatforms) = postSolution
		{884DD15F-38FA-4C3F-96F2-BD0F658AF890}.Development|Default.ActiveCfg = Development
		{884DD15F-38FA-4C3F-96F2-BD0F658AF890}.Development|Default.Build.0 = Development
	EndGlobalSection
	GlobalSection(SolutionProperties) = preSolution
		HideSolutionNode = FALSE
	EndGlobalSection
	GlobalSection(ExtensibilityGlobals) = postSolution
		SolutionGuid = {9A08FE63-C2C9-4963-95D9-186CBF13F6FF}
	EndGlobalSection
EndGlobal
